
Microsoft Visual Studio Solution File, Format Version 12.00
# Visual Studio Version 17
VisualStudioVersion = 17.9.34723.18
MinimumVisualStudioVersion = 10.0.40219.1
Project("{FAE04EC0-301F-11D3-BF4B-00C04F79EFBC}") = "EntityFrameworkSqlite2", "EntityFrameworkSqlite2.csproj", "{A020F5C0-9961-47E1-8F82-8B25C8C4FACD}"
EndProject
Global
	GlobalSection(SolutionConfigurationPlatforms) = preSolution
		Debug|Any CPU = Debug|Any CPU
		Release|Any CPU = Release|Any CPU
	EndGlobalSection
	GlobalSection(ProjectConfigurationPlatforms) = postSolution
		{A020F5C0-9961-47E1-8F82-8B25C8C4FACD}.Debug|Any CPU.ActiveCfg = Debug|Any CPU
		{A020F5C0-9961-47E1-8F82-8B25C8C4FACD}.Debug|Any CPU.Build.0 = Debug|Any CPU
		{A020F5C0-9961-47E1-8F82-8B25C8C4FACD}.Release|Any CPU.ActiveCfg = Release|Any CPU
		{A020F5C0-9961-47E1-8F82-8B25C8C4FACD}.Release|Any CPU.Build.0 = Release|Any CPU
	EndGlobalSection
	GlobalSection(SolutionProperties) = preSolution
		HideSolutionNode = FALSE
	EndGlobalSection
	GlobalSection(ExtensibilityGlobals) = postSolution
		SolutionGuid = {EA6A2D5B-F021-4C98-A9A4-5C93E3E1CAFE}
	EndGlobalSection
EndGlobal
